speakeasyVersion: 1.526.6
sources:
    Cribl API Reference:
        sourceNamespace: cribl-api-reference
        sourceRevisionDigest: sha256:0fc3bc385da3bd24f0dac4d3fd5c31f46b4418d3d70ca201692f26a7122e6863
        sourceBlobDigest: sha256:6d07ea74022c9790f882ee91ddf20ab63e4c86f521680ba46e4586ca9de00b57
        tags:
            - latest
            - 4.12.0-alpha.1742471106527-a8a53ddb
targets:
    cribl-terraform:
        source: Cribl API Reference
        sourceNamespace: cribl-api-reference
        sourceRevisionDigest: sha256:0fc3bc385da3bd24f0dac4d3fd5c31f46b4418d3d70ca201692f26a7122e6863
        sourceBlobDigest: sha256:6d07ea74022c9790f882ee91ddf20ab63e4c86f521680ba46e4586ca9de00b57
workflow:
    workflowVersion: 1.0.0
    speakeasyVersion: latest
    sources:
        Cribl API Reference:
            inputs:
                - location: openapi.yml
            registry:
                location: registry.speakeasyapi.dev/cribl/cribl/cribl-api-reference
    targets:
        cribl-terraform:
            target: terraform
            source: Cribl API Reference
            publish:
                terraform:
                    gpgPrivateKey: $terraform_gpg_private_key
                    gpgPassPhrase: $terraform_gpg_passphrase
