speakeasyVersion: 1.526.0
sources:
    Cribl API Reference:
        sourceNamespace: cribl-api-reference
        sourceRevisionDigest: sha256:cb979cd619ff61840802e7c3bf019a41e98c192971a1ddd6391f9c935df685a0
        sourceBlobDigest: sha256:6d7e884be69ed844467131420de4f007b05d4be3935ac6f47865e3f74f00f087
        tags:
            - latest
            - 4.12.0-alpha.1742471106527-a8a53ddb
targets:
    cribl-terraform:
        source: Cribl API Reference
        sourceNamespace: cribl-api-reference
        sourceRevisionDigest: sha256:cb979cd619ff61840802e7c3bf019a41e98c192971a1ddd6391f9c935df685a0
        sourceBlobDigest: sha256:6d7e884be69ed844467131420de4f007b05d4be3935ac6f47865e3f74f00f087
workflow:
    workflowVersion: 1.0.0
    speakeasyVersion: latest
    sources:
        Cribl API Reference:
            inputs:
                - location: openapi.yml
            registry:
                location: registry.speakeasyapi.dev/cribl/cribl/cribl-api-reference
    targets:
        cribl-terraform:
            target: terraform
            source: Cribl API Reference
