speakeasyVersion: 1.526.0
sources:
    Cribl API Reference:
        sourceNamespace: cribl-api-reference
        sourceRevisionDigest: sha256:ad7623f67a65f541275fcacfe2af050f6ad4a213815ed8431618868929dcc175
        sourceBlobDigest: sha256:ef0c0b57ef8b84b5c966a2ed57d53e0deb20abfc5c36b8f250b5f437be90c967
        tags:
            - latest
            - 4.12.0-alpha.1742471106527-a8a53ddb
targets:
    cribl-terraform:
        source: Cribl API Reference
        sourceNamespace: cribl-api-reference
        sourceRevisionDigest: sha256:ad7623f67a65f541275fcacfe2af050f6ad4a213815ed8431618868929dcc175
        sourceBlobDigest: sha256:ef0c0b57ef8b84b5c966a2ed57d53e0deb20abfc5c36b8f250b5f437be90c967
workflow:
    workflowVersion: 1.0.0
    speakeasyVersion: latest
    sources:
        Cribl API Reference:
            inputs:
                - location: openapi.yml
            registry:
                location: registry.speakeasyapi.dev/cribl/cribl/cribl-api-reference
    targets:
        cribl-terraform:
            target: terraform
            source: Cribl API Reference
